# This file is automatically @generated by Cargo.
# It is not intended for manual editing.
[[package]]
name = "parse_midi"
version = "0.1.0"
dependencies = [
 "rand_core",
 "rand_pcg",
]

[[package]]
name = "rand_core"
version = "0.6.2"
source = "registry+https://github.com/rust-lang/crates.io-index"
checksum = "34cf66eb183df1c5876e2dcf6b13d57340741e8dc255b48e40a26de954d06ae7"

[[package]]
name = "rand_pcg"
version = "0.3.0"
source = "registry+https://github.com/rust-lang/crates.io-index"
checksum = "7de198537002b913568a3847e53535ace266f93526caf5c360ec41d72c5787f0"
dependencies = [
 "rand_core",
]
